// !$*UTF8*$!
{
	archiveVersion = 1;
	classes = {
	};
	objectVersion = 46;
	objects = {

/* Begin PBXBuildFile section */
		68F2185C1D085658002C7927 /* AppDelegate.swift in Sources */ = {isa = PBXBuildFile; fileRef = 68F2185B1D085658002C7927 /* AppDelegate.swift */; };
		68F2185E1D085658002C7927 /* ViewController.swift in Sources */ = {isa = PBXBuildFile; fileRef = 68F2185D1D085658002C7927 /* ViewController.swift */; };
		68F218611D085658002C7927 /* Main.storyboard in Resources */ = {isa = PBXBuildFile; fileRef = 68F2185F1D085658002C7927 /* Main.storyboard */; };
		68F218631D085658002C7927 /* Assets.xcassets in Resources */ = {isa = PBXBuildFile; fileRef = 68F218621D085658002C7927 /* Assets.xcassets */; };
		68F218661D085658002C7927 /* LaunchScreen.storyboard in Resources */ = {isa = PBXBuildFile; fileRef = 68F218641D085658002C7927 /* LaunchScreen.storyboard */; };
		68F2186E1D085B8E002C7927 /* LoginController.swift in Sources */ = {isa = PBXBuildFile; fileRef = 68F2186D1D085B8E002C7927 /* LoginController.swift */; settings = {ASSET_TAGS = (); }; };
		68F218701D098A1C002C7927 /* SignupController.swift in Sources */ = {isa = PBXBuildFile; fileRef = 68F2186F1D098A1C002C7927 /* SignupController.swift */; settings = {ASSET_TAGS = (); }; };
		68F218721D0C1CD8002C7927 /* ProfileController.swift in Sources */ = {isa = PBXBuildFile; fileRef = 68F218711D0C1CD8002C7927 /* ProfileController.swift */; settings = {ASSET_TAGS = (); }; };
/* End PBXBuildFile section */

/* Begin PBXFileReference section */
		68F218581D085658002C7927 /* PharmaMeter.app */ = {isa = PBXFileReference; explicitFileType = wrapper.application; includeInIndex = 0; path = PharmaMeter.app; sourceTree = BUILT_PRODUCTS_DIR; };
		68F2185B1D085658002C7927 /* AppDelegate.swift */ = {isa = PBXFileReference; lastKnownFileType = sourcecode.swift; path = AppDelegate.swift; sourceTree = "<group>"; };
		68F2185D1D085658002C7927 /* ViewController.swift */ = {isa = PBXFileReference; lastKnownFileType = sourcecode.swift; path = ViewController.swift; sourceTree = "<group>"; };
		68F218601D085658002C7927 /* Base */ = {isa = PBXFileReference; lastKnownFileType = file.storyboard; name = Base; path = Base.lproj/Main.storyboard; sourceTree = "<group>"; };
		68F218621D085658002C7927 /* Assets.xcassets */ = {isa = PBXFileReference; lastKnownFileType = folder.assetcatalog; path = Assets.xcassets; sourceTree = "<group>"; };
		68F218651D085658002C7927 /* Base */ = {isa = PBXFileReference; lastKnownFileType = file.storyboard; name = Base; path = Base.lproj/LaunchScreen.storyboard; sourceTree = "<group>"; };
		68F218671D085658002C7927 /* Info.plist */ = {isa = PBXFileReference; lastKnownFileType = text.plist.xml; path = Info.plist; sourceTree = "<group>"; };
		68F2186D1D085B8E002C7927 /* LoginController.swift */ = {isa = PBXFileReference; fileEncoding = 4; lastKnownFileType = sourcecode.swift; path = LoginController.swift; sourceTree = "<group>"; };
		68F2186F1D098A1C002C7927 /* SignupController.swift */ = {isa = PBXFileReference; fileEncoding = 4; lastKnownFileType = sourcecode.swift; path = SignupController.swift; sourceTree = "<group>"; };
		68F218711D0C1CD8002C7927 /* ProfileController.swift */ = {isa = PBXFileReference; fileEncoding = 4; lastKnownFileType = sourcecode.swift; path = ProfileController.swift; sourceTree = "<group>"; };
/* End PBXFileReference section */

/* Begin PBXFrameworksBuildPhase section */
		68F218551D085658002C7927 /* Frameworks */ = {
			isa = PBXFrameworksBuildPhase;
			buildActionMask = 2147483647;
			files = (
			);
			runOnlyForDeploymentPostprocessing = 0;
		};
/* End PBXFrameworksBuildPhase section */

/* Begin PBXGroup section */
		68F2184F1D085658002C7927 = {
			isa = PBXGroup;
			children = (
				68F2185A1D085658002C7927 /* PharmaMeter */,
				68F218591D085658002C7927 /* Products */,
			);
			sourceTree = "<group>";
		};
		68F218591D085658002C7927 /* Products */ = {
			isa = PBXGroup;
			children = (
				68F218581D085658002C7927 /* PharmaMeter.app */,
			);
			name = Products;
			sourceTree = "<group>";
		};
		68F2185A1D085658002C7927 /* PharmaMeter */ = {
			isa = PBXGroup;
			children = (
				68F2185B1D085658002C7927 /* AppDelegate.swift */,
				68F2185D1D085658002C7927 /* ViewController.swift */,
				68F2185F1D085658002C7927 /* Main.storyboard */,
				68F218621D085658002C7927 /* Assets.xcassets */,
				68F218641D085658002C7927 /* LaunchScreen.storyboard */,
				68F218671D085658002C7927 /* Info.plist */,
				68F2186D1D085B8E002C7927 /* LoginController.swift */,
				68F2186F1D098A1C002C7927 /* SignupController.swift */,
				68F218711D0C1CD8002C7927 /* ProfileController.swift */,
			);
			path = PharmaMeter;
			sourceTree = "<group>";
		};
/* End PBXGroup section */

/* Begin PBXNativeTarget section */
		68F218571D085658002C7927 /* PharmaMeter */ = {
			isa = PBXNativeTarget;
			buildConfigurationList = 68F2186A1D085658002C7927 /* Build configuration list for PBXNativeTarget "PharmaMeter" */;
			buildPhases = (
				68F218541D085658002C7927 /* Sources */,
				68F218551D085658002C7927 /* Frameworks */,
				68F218561D085658002C7927 /* Resources */,
			);
			buildRules = (
			);
			dependencies = (
			);
			name = PharmaMeter;
			productName = PharmaMeter;
			productReference = 68F218581D085658002C7927 /* PharmaMeter.app */;
			productType = "com.apple.product-type.application";
		};
/* End PBXNativeTarget section */

/* Begin PBXProject section */
		68F218501D085658002C7927 /* Project object */ = {
			isa = PBXProject;
			attributes = {
				LastUpgradeCheck = 0700;
				ORGANIZATIONNAME = "Wissa Azmy";
				TargetAttributes = {
					68F218571D085658002C7927 = {
						CreatedOnToolsVersion = 7.0.1;
						DevelopmentTeam = 7Q6U3JR8A8;
					};
				};
			};
			buildConfigurationList = 68F218531D085658002C7927 /* Build configuration list for PBXProject "PharmaMeter" */;
			compatibilityVersion = "Xcode 3.2";
			developmentRegion = English;
			hasScannedForEncodings = 0;
			knownRegions = (
				en,
				Base,
			);
			mainGroup = 68F2184F1D085658002C7927;
			productRefGroup = 68F218591D085658002C7927 /* Products */;
			projectDirPath = "";
			projectRoot = "";
			targets = (
				68F218571D085658002C7927 /* PharmaMeter */,
			);
		};
/* End PBXProject section */

/* Begin PBXResourcesBuildPhase section */
		68F218561D085658002C7927 /* Resources */ = {
			isa = PBXResourcesBuildPhase;
			buildActionMask = 2147483647;
			files = (
				68F218661D085658002C7927 /* LaunchScreen.storyboard in Resources */,
				68F218631D085658002C7927 /* Assets.xcassets in Resources */,
				68F218611D085658002C7927 /* Main.storyboard in Resources */,
			);
			runOnlyForDeploymentPostprocessing = 0;
		};
/* End PBXResourcesBuildPhase section */

/* Begin PBXSourcesBuildPhase section */
		68F218541D085658002C7927 /* Sources */ = {
			isa = PBXSourcesBuildPhase;
			buildActionMask = 2147483647;
			files = (
				68F218721D0C1CD8002C7927 /* ProfileController.swift in Sources */,
				68F2185E1D085658002C7927 /* ViewController.swift in Sources */,
				68F2186E1D085B8E002C7927 /* LoginController.swift in Sources */,
				68F2185C1D085658002C7927 /* AppDelegate.swift in Sources */,
				68F218701D098A1C002C7927 /* SignupController.swift in Sources */,
			);
			runOnlyForDeploymentPostprocessing = 0;
		};
/* End PBXSourcesBuildPhase section */

/* Begin PBXVariantGroup section */
		68F2185F1D085658002C7927 /* Main.storyboard */ = {
			isa = PBXVariantGroup;
			children = (
				68F218601D085658002C7927 /* Base */,
			);
			name = Main.storyboard;
			sourceTree = "<group>";
		};
		68F218641D085658002C7927 /* LaunchScreen.storyboard */ = {
			isa = PBXVariantGroup;
			children = (
				68F218651D085658002C7927 /* Base */,
			);
			name = LaunchScreen.storyboard;
			sourceTree = "<group>";
		};
/* End PBXVariantGroup section */

/* Begin XCBuildConfiguration section */
		68F218681D085658002C7927 /* Debug */ = {
			isa = XCBuildConfiguration;
			buildSettings = {
				ALWAYS_SEARCH_USER_PATHS = NO;
				CLANG_CXX_LANGUAGE_STANDARD = "gnu++0x";
				CLANG_CXX_LIBRARY = "libc++";
				CLANG_ENABLE_MODULES = YES;
				CLANG_ENABLE_OBJC_ARC = YES;
				CLANG_WARN_BOOL_CONVERSION = YES;
				CLANG_WARN_CONSTANT_CONVERSION = YES;
				CLANG_WARN_DIRECT_OBJC_ISA_USAGE = YES_ERROR;
				CLANG_WARN_EMPTY_BODY = YES;
				CLANG_WARN_ENUM_CONVERSION = YES;
				CLANG_WARN_INT_CONVERSION = YES;
				CLANG_WARN_OBJC_ROOT_CLASS = YES_ERROR;
				CLANG_WARN_UNREACHABLE_CODE = YES;
				CLANG_WARN__DUPLICATE_METHOD_MATCH = YES;
				"CODE_SIGN_IDENTITY[sdk=iphoneos*]" = "iPhone Developer";
				COPY_PHASE_STRIP = NO;
				DEBUG_INFORMATION_FORMAT = dwarf;
				ENABLE_STRICT_OBJC_MSGSEND = YES;
				ENABLE_TESTABILITY = YES;
				GCC_C_LANGUAGE_STANDARD = gnu99;
				GCC_DYNAMIC_NO_PIC = NO;
				GCC_NO_COMMON_BLOCKS = YES;
				GCC_OPTIMIZATION_LEVEL = 0;
				GCC_PREPROCESSOR_DEFINITIONS = (
					"DEBUG=1",
					"$(inherited)",
				);
				GCC_WARN_64_TO_32_BIT_CONVERSION = YES;
				GCC_WARN_ABOUT_RETURN_TYPE = YES_ERROR;
				GCC_WARN_UNDECLARED_SELECTOR = YES;
				GCC_WARN_UNINITIALIZED_AUTOS = YES_AGGRESSIVE;
				GCC_WARN_UNUSED_FUNCTION = YES;
				GCC_WARN_UNUSED_VARIABLE = YES;
				IPHONEOS_DEPLOYMENT_TARGET = 9.0;
				MTL_ENABLE_DEBUG_INFO = YES;
				ONLY_ACTIVE_ARCH = YES;
				SDKROOT = iphoneos;
				SWIFT_OPTIMIZATION_LEVEL = "-Onone";
				TARGETED_DEVICE_FAMILY = "1,2";
			};
			name = Debug;
		};
		68F218691D085658002C7927 /* Release */ = {
			isa = XCBuildConfiguration;
			buildSettings = {
				ALWAYS_SEARCH_USER_PATHS = NO;
				CLANG_CXX_LANGUAGE_STANDARD = "gnu++0x";
				CLANG_CXX_LIBRARY = "libc++";
				CLANG_ENABLE_MODULES = YES;
				CLANG_ENABLE_OBJC_ARC = YES;
				CLANG_WARN_BOOL_CONVERSION = YES;
				CLANG_WARN_CONSTANT_CONVERSION = YES;
				CLANG_WARN_DIRECT_OBJC_ISA_USAGE = YES_ERROR;
				CLANG_WARN_EMPTY_BODY = YES;
				CLANG_WARN_ENUM_CONVERSION = YES;
				CLANG_WARN_INT_CONVERSION = YES;
				CLANG_WARN_OBJC_ROOT_CLASS = YES_ERROR;
				CLANG_WARN_UNREACHABLE_CODE = YES;
				CLANG_WARN__DUPLICATE_METHOD_MATCH = YES;
				"CODE_SIGN_IDENTITY[sdk=iphoneos*]" = "iPhone Developer";
				COPY_PHASE_STRIP = NO;
				DEBUG_INFORMATION_FORMAT = "dwarf-with-dsym";
				ENABLE_NS_ASSERTIONS = NO;
				ENABLE_STRICT_OBJC_MSGSEND = YES;
				GCC_C_LANGUAGE_STANDARD = gnu99;
				GCC_NO_COMMON_BLOCKS = YES;
				GCC_WARN_64_TO_32_BIT_CONVERSION = YES;
				GCC_WARN_ABOUT_RETURN_TYPE = YES_ERROR;
				GCC_WARN_UNDECLARED_SELECTOR = YES;
				GCC_WARN_UNINITIALIZED_AUTOS = YES_AGGRESSIVE;
				GCC_WARN_UNUSED_FUNCTION = YES;
				GCC_WARN_UNUSED_VARIABLE = YES;
				IPHONEOS_DEPLOYMENT_TARGET = 9.0;
				MTL_ENABLE_DEBUG_INFO = NO;
				SDKROOT = iphoneos;
				TARGETED_DEVICE_FAMILY = "1,2";
				VALIDATE_PRODUCT = YES;
			};
			name = Release;
		};
		68F2186B1D085658002C7927 /* Debug */ = {
			isa = XCBuildConfiguration;
			buildSettings = {
				ASSETCATALOG_COMPILER_APPICON_NAME = AppIcon;
				INFOPLIST_FILE = PharmaMeter/Info.plist;
				LD_RUNPATH_SEARCH_PATHS = "$(inherited) @executable_path/Frameworks";
				PRODUCT_BUNDLE_IDENTIFIER = BusinessMonk.PharmaMeter;
				PRODUCT_NAME = "$(TARGET_NAME)";
			};
			name = Debug;
		};
		68F2186C1D085658002C7927 /* Release */ = {
			isa = XCBuildConfiguration;
			buildSettings = {
				ASSETCATALOG_COMPILER_APPICON_NAME = AppIcon;
				INFOPLIST_FILE = PharmaMeter/Info.plist;
				LD_RUNPATH_SEARCH_PATHS = "$(inherited) @executable_path/Frameworks";
				PRODUCT_BUNDLE_IDENTIFIER = BusinessMonk.PharmaMeter;
				PRODUCT_NAME = "$(TARGET_NAME)";
			};
			name = Release;
		};
/* End XCBuildConfiguration section */

/* Begin XCConfigurationList section */
		68F218531D085658002C7927 /* Build configuration list for PBXProject "PharmaMeter" */ = {
			isa = XCConfigurationList;
			buildConfigurations = (
				68F218681D085658002C7927 /* Debug */,
				68F218691D085658002C7927 /* Release */,
			);
			defaultConfigurationIsVisible = 0;
			defaultConfigurationName = Release;
		};
		68F2186A1D085658002C7927 /* Build configuration list for PBXNativeTarget "PharmaMeter" */ = {
			isa = XCConfigurationList;
			buildConfigurations = (
				68F2186B1D085658002C7927 /* Debug */,
				68F2186C1D085658002C7927 /* Release */,
			);
			defaultConfigurationIsVisible = 0;
		};
/* End XCConfigurationList section */
	};
	rootObject = 68F218501D085658002C7927 /* Project object */;
}
